
Microsoft Visual Studio Solution File, Format Version 12.00
# Visual Studio Version 17
VisualStudioVersion = 17.5.33530.505
MinimumVisualStudioVersion = 10.0.40219.1
Project("{FAE04EC0-301F-11D3-BF4B-00C04F79EFBC}") = "Grocery_Shop", "Grocery_Shop\Grocery_Shop.csproj", "{9C9B1E6C-AE33-4C8E-B79C-190D9FDDB382}"
EndProject
Global
	GlobalSection(SolutionConfigurationPlatforms) = preSolution
		Debug|Any CPU = Debug|Any CPU
		Release|Any CPU = Release|Any CPU
	EndGlobalSection
	GlobalSection(ProjectConfigurationPlatforms) = postSolution
		{9C9B1E6C-AE33-4C8E-B79C-190D9FDDB382}.Debug|Any CPU.ActiveCfg = Debug|Any CPU
		{9C9B1E6C-AE33-4C8E-B79C-190D9FDDB382}.Debug|Any CPU.Build.0 = Debug|Any CPU
		{9C9B1E6C-AE33-4C8E-B79C-190D9FDDB382}.Release|Any CPU.ActiveCfg = Release|Any CPU
		{9C9B1E6C-AE33-4C8E-B79C-190D9FDDB382}.Release|Any CPU.Build.0 = Release|Any CPU
	EndGlobalSection
	GlobalSection(SolutionProperties) = preSolution
		HideSolutionNode = FALSE
	EndGlobalSection
	GlobalSection(ExtensibilityGlobals) = postSolution
		SolutionGuid = {280A839B-BF64-4402-8417-B0B464022073}
	EndGlobalSection
EndGlobal
